
Microsoft Visual Studio Solution File, Format Version 12.00
# Visual Studio Version 17
VisualStudioVersion = 17.4.33205.214
MinimumVisualStudioVersion = 10.0.40219.1
Project("{FAE04EC0-301F-11D3-BF4B-00C04F79EFBC}") = "ProjetoCadastroPessoa", "ProjetoCadastroPessoa\ProjetoCadastroPessoa.csproj", "{A701B5DF-31F7-4B9C-8386-33CF207676C1}"
EndProject
Project("{FAE04EC0-301F-11D3-BF4B-00C04F79EFBC}") = "CadastroVeiculo", "CadastroVeiculo\CadastroVeiculo.csproj", "{E064DEF8-2574-4885-9820-3F5F349A4131}"
EndProject
Global
	GlobalSection(SolutionConfigurationPlatforms) = preSolution
		Debug|Any CPU = Debug|Any CPU
		Release|Any CPU = Release|Any CPU
	EndGlobalSection
	GlobalSection(ProjectConfigurationPlatforms) = postSolution
		{A701B5DF-31F7-4B9C-8386-33CF207676C1}.Debug|Any CPU.ActiveCfg = Debug|Any CPU
		{A701B5DF-31F7-4B9C-8386-33CF207676C1}.Debug|Any CPU.Build.0 = Debug|Any CPU
		{A701B5DF-31F7-4B9C-8386-33CF207676C1}.Release|Any CPU.ActiveCfg = Release|Any CPU
		{A701B5DF-31F7-4B9C-8386-33CF207676C1}.Release|Any CPU.Build.0 = Release|Any CPU
		{E064DEF8-2574-4885-9820-3F5F349A4131}.Debug|Any CPU.ActiveCfg = Debug|Any CPU
		{E064DEF8-2574-4885-9820-3F5F349A4131}.Debug|Any CPU.Build.0 = Debug|Any CPU
		{E064DEF8-2574-4885-9820-3F5F349A4131}.Release|Any CPU.ActiveCfg = Release|Any CPU
		{E064DEF8-2574-4885-9820-3F5F349A4131}.Release|Any CPU.Build.0 = Release|Any CPU
	EndGlobalSection
	GlobalSection(SolutionProperties) = preSolution
		HideSolutionNode = FALSE
	EndGlobalSection
	GlobalSection(ExtensibilityGlobals) = postSolution
		SolutionGuid = {CE78429F-13E8-4069-898F-E40CEE0A459A}
	EndGlobalSection
EndGlobal
